
Microsoft Visual Studio Solution File, Format Version 12.00
# Visual Studio Version 17
VisualStudioVersion = 17.8.34525.116
MinimumVisualStudioVersion = 10.0.40219.1
Project("{9A19103F-16F7-4668-BE54-9A1E7A4F7556}") = "ASPNETCORE", "ASPNETCORE.csproj", "{041A563F-9F5F-4062-AC75-22D74286733C}"
EndProject
Global
	GlobalSection(SolutionConfigurationPlatforms) = preSolution
		Debug|Any CPU = Debug|Any CPU
		Release|Any CPU = Release|Any CPU
	EndGlobalSection
	GlobalSection(ProjectConfigurationPlatforms) = postSolution
		{041A563F-9F5F-4062-AC75-22D74286733C}.Debug|Any CPU.ActiveCfg = Debug|Any CPU
		{041A563F-9F5F-4062-AC75-22D74286733C}.Debug|Any CPU.Build.0 = Debug|Any CPU
		{041A563F-9F5F-4062-AC75-22D74286733C}.Release|Any CPU.ActiveCfg = Release|Any CPU
		{041A563F-9F5F-4062-AC75-22D74286733C}.Release|Any CPU.Build.0 = Release|Any CPU
	EndGlobalSection
	GlobalSection(SolutionProperties) = preSolution
		HideSolutionNode = FALSE
	EndGlobalSection
	GlobalSection(ExtensibilityGlobals) = postSolution
		SolutionGuid = {1556B419-856E-4BE0-BF70-670ED4FB9BD4}
	EndGlobalSection
EndGlobal
