
Microsoft Visual Studio Solution File, Format Version 12.00
# Visual Studio Version 17
VisualStudioVersion = 17.9.34714.143
MinimumVisualStudioVersion = 10.0.40219.1
Project("{FAE04EC0-301F-11D3-BF4B-00C04F79EFBC}") = "WebApplication1", "WebApplication1\WebApplication1.csproj", "{083ED613-28B8-4C12-8386-3B755B259017}"
EndProject
Project("{E53339B2-1760-4266-BCC7-CA923CBCF16C}") = "docker-compose", "docker-compose.dcproj", "{EF25FA2D-550F-44A4-824B-68497BD256FE}"
EndProject
Global
	GlobalSection(SolutionConfigurationPlatforms) = preSolution
		Debug|Any CPU = Debug|Any CPU
		Release|Any CPU = Release|Any CPU
	EndGlobalSection
	GlobalSection(ProjectConfigurationPlatforms) = postSolution
		{083ED613-28B8-4C12-8386-3B755B259017}.Debug|Any CPU.ActiveCfg = Debug|Any CPU
		{083ED613-28B8-4C12-8386-3B755B259017}.Debug|Any CPU.Build.0 = Debug|Any CPU
		{083ED613-28B8-4C12-8386-3B755B259017}.Release|Any CPU.ActiveCfg = Release|Any CPU
		{083ED613-28B8-4C12-8386-3B755B259017}.Release|Any CPU.Build.0 = Release|Any CPU
		{EF25FA2D-550F-44A4-824B-68497BD256FE}.Debug|Any CPU.ActiveCfg = Debug|Any CPU
		{EF25FA2D-550F-44A4-824B-68497BD256FE}.Debug|Any CPU.Build.0 = Debug|Any CPU
		{EF25FA2D-550F-44A4-824B-68497BD256FE}.Release|Any CPU.ActiveCfg = Release|Any CPU
		{EF25FA2D-550F-44A4-824B-68497BD256FE}.Release|Any CPU.Build.0 = Release|Any CPU
	EndGlobalSection
	GlobalSection(SolutionProperties) = preSolution
		HideSolutionNode = FALSE
	EndGlobalSection
	GlobalSection(ExtensibilityGlobals) = postSolution
		SolutionGuid = {939EB46D-20E5-454B-AC8B-2C044A1B1DFD}
	EndGlobalSection
EndGlobal
